
Microsoft Visual Studio Solution File, Format Version 12.00
# Visual Studio Version 17
VisualStudioVersion = 17.3.32929.385
MinimumVisualStudioVersion = 10.0.40219.1
Project("{9A19103F-16F7-4668-BE54-9A1E7A4F7556}") = "RestauDuSoleil", "RestauDuSoleil.csproj", "{64EFCDA2-34C0-4EDC-9FA7-E98B2FED2AED}"
EndProject
Global
	GlobalSection(SolutionConfigurationPlatforms) = preSolution
		Debug|Any CPU = Debug|Any CPU
		Release|Any CPU = Release|Any CPU
	EndGlobalSection
	GlobalSection(ProjectConfigurationPlatforms) = postSolution
		{64EFCDA2-34C0-4EDC-9FA7-E98B2FED2AED}.Debug|Any CPU.ActiveCfg = Debug|Any CPU
		{64EFCDA2-34C0-4EDC-9FA7-E98B2FED2AED}.Debug|Any CPU.Build.0 = Debug|Any CPU
		{64EFCDA2-34C0-4EDC-9FA7-E98B2FED2AED}.Release|Any CPU.ActiveCfg = Release|Any CPU
		{64EFCDA2-34C0-4EDC-9FA7-E98B2FED2AED}.Release|Any CPU.Build.0 = Release|Any CPU
	EndGlobalSection
	GlobalSection(SolutionProperties) = preSolution
		HideSolutionNode = FALSE
	EndGlobalSection
	GlobalSection(ExtensibilityGlobals) = postSolution
		SolutionGuid = {D41D5748-BF93-4BDA-A88A-5F8A9A4B6136}
	EndGlobalSection
EndGlobal
