
Microsoft Visual Studio Solution File, Format Version 12.00
# Visual Studio Version 17
VisualStudioVersion = 17.3.32929.385
MinimumVisualStudioVersion = 10.0.40219.1
Project("{FAE04EC0-301F-11D3-BF4B-00C04F79EFBC}") = "CoursADO", "CoursADO\CoursADO.csproj", "{8B9B7AB8-84B6-4D39-9A12-E7C3E872AEAB}"
EndProject
Global
	GlobalSection(SolutionConfigurationPlatforms) = preSolution
		Debug|Any CPU = Debug|Any CPU
		Release|Any CPU = Release|Any CPU
	EndGlobalSection
	GlobalSection(ProjectConfigurationPlatforms) = postSolution
		{8B9B7AB8-84B6-4D39-9A12-E7C3E872AEAB}.Debug|Any CPU.ActiveCfg = Debug|Any CPU
		{8B9B7AB8-84B6-4D39-9A12-E7C3E872AEAB}.Debug|Any CPU.Build.0 = Debug|Any CPU
		{8B9B7AB8-84B6-4D39-9A12-E7C3E872AEAB}.Release|Any CPU.ActiveCfg = Release|Any CPU
		{8B9B7AB8-84B6-4D39-9A12-E7C3E872AEAB}.Release|Any CPU.Build.0 = Release|Any CPU
	EndGlobalSection
	GlobalSection(SolutionProperties) = preSolution
		HideSolutionNode = FALSE
	EndGlobalSection
	GlobalSection(ExtensibilityGlobals) = postSolution
		SolutionGuid = {7BB13D75-FDF7-4E61-9FFD-BC20F62D777A}
	EndGlobalSection
EndGlobal
